
Microsoft Visual Studio Solution File, Format Version 12.00
# Visual Studio 14
VisualStudioVersion = 14.0.25420.1
MinimumVisualStudioVersion = 10.0.40219.1
Project("{FAE04EC0-301F-11D3-BF4B-00C04F79EFBC}") = "SynchronisationService", "SynchronisationService\SynchronisationService.csproj", "{A8374B0B-EB7D-49FB-BC60-1B06CE01C533}"
EndProject
Project("{FAE04EC0-301F-11D3-BF4B-00C04F79EFBC}") = "SynchronisationHosting", "SynchronisationHosting\SynchronisationHosting.csproj", "{A219B312-3780-45F7-85E5-BAA9192EF62A}"
EndProject
Project("{FAE04EC0-301F-11D3-BF4B-00C04F79EFBC}") = "SynchronisationDataManager", "SynchronisationDataManager\SynchronisationDataManager.csproj", "{F19C35DA-F248-4B79-B499-86FB65557B93}"
EndProject
Project("{FAE04EC0-301F-11D3-BF4B-00C04F79EFBC}") = "SynchronisationUnitTest", "SynchronisationUnitTest\SynchronisationUnitTest.csproj", "{4EA69C07-5B6B-445A-B6C8-73CF84B08B36}"
EndProject
Project("{FAE04EC0-301F-11D3-BF4B-00C04F79EFBC}") = "SynchronisationLocalDatabase", "SynchronisationLocalDatabase\SynchronisationLocalDatabase.csproj", "{8381DA09-C165-4FBA-B83C-C0D63B461D1F}"
EndProject
Project("{FAE04EC0-301F-11D3-BF4B-00C04F79EFBC}") = "SynchronisationShared", "SynchronisationShared\SynchronisationShared.csproj", "{D708732C-1C2D-4C35-8FD8-B69188A8F2A1}"
EndProject
Global
	GlobalSection(SolutionConfigurationPlatforms) = preSolution
		Debug|Any CPU = Debug|Any CPU
		Release|Any CPU = Release|Any CPU
	EndGlobalSection
	GlobalSection(ProjectConfigurationPlatforms) = postSolution
		{A8374B0B-EB7D-49FB-BC60-1B06CE01C533}.Debug|Any CPU.ActiveCfg = Debug|Any CPU
		{A8374B0B-EB7D-49FB-BC60-1B06CE01C533}.Debug|Any CPU.Build.0 = Debug|Any CPU
		{A8374B0B-EB7D-49FB-BC60-1B06CE01C533}.Release|Any CPU.ActiveCfg = Release|Any CPU
		{A8374B0B-EB7D-49FB-BC60-1B06CE01C533}.Release|Any CPU.Build.0 = Release|Any CPU
		{A219B312-3780-45F7-85E5-BAA9192EF62A}.Debug|Any CPU.ActiveCfg = Debug|Any CPU
		{A219B312-3780-45F7-85E5-BAA9192EF62A}.Debug|Any CPU.Build.0 = Debug|Any CPU
		{A219B312-3780-45F7-85E5-BAA9192EF62A}.Release|Any CPU.ActiveCfg = Release|Any CPU
		{A219B312-3780-45F7-85E5-BAA9192EF62A}.Release|Any CPU.Build.0 = Release|Any CPU
		{F19C35DA-F248-4B79-B499-86FB65557B93}.Debug|Any CPU.ActiveCfg = Debug|Any CPU
		{F19C35DA-F248-4B79-B499-86FB65557B93}.Debug|Any CPU.Build.0 = Debug|Any CPU
		{F19C35DA-F248-4B79-B499-86FB65557B93}.Release|Any CPU.ActiveCfg = Release|Any CPU
		{F19C35DA-F248-4B79-B499-86FB65557B93}.Release|Any CPU.Build.0 = Release|Any CPU
		{4EA69C07-5B6B-445A-B6C8-73CF84B08B36}.Debug|Any CPU.ActiveCfg = Debug|Any CPU
		{4EA69C07-5B6B-445A-B6C8-73CF84B08B36}.Debug|Any CPU.Build.0 = Debug|Any CPU
		{4EA69C07-5B6B-445A-B6C8-73CF84B08B36}.Release|Any CPU.ActiveCfg = Release|Any CPU
		{4EA69C07-5B6B-445A-B6C8-73CF84B08B36}.Release|Any CPU.Build.0 = Release|Any CPU
		{8381DA09-C165-4FBA-B83C-C0D63B461D1F}.Debug|Any CPU.ActiveCfg = Debug|Any CPU
		{8381DA09-C165-4FBA-B83C-C0D63B461D1F}.Debug|Any CPU.Build.0 = Debug|Any CPU
		{8381DA09-C165-4FBA-B83C-C0D63B461D1F}.Release|Any CPU.ActiveCfg = Release|Any CPU
		{8381DA09-C165-4FBA-B83C-C0D63B461D1F}.Release|Any CPU.Build.0 = Release|Any CPU
		{D708732C-1C2D-4C35-8FD8-B69188A8F2A1}.Debug|Any CPU.ActiveCfg = Debug|Any CPU
		{D708732C-1C2D-4C35-8FD8-B69188A8F2A1}.Debug|Any CPU.Build.0 = Debug|Any CPU
		{D708732C-1C2D-4C35-8FD8-B69188A8F2A1}.Release|Any CPU.ActiveCfg = Release|Any CPU
		{D708732C-1C2D-4C35-8FD8-B69188A8F2A1}.Release|Any CPU.Build.0 = Release|Any CPU
	EndGlobalSection
	GlobalSection(SolutionProperties) = preSolution
		HideSolutionNode = FALSE
	EndGlobalSection
EndGlobal
